
Microsoft Visual Studio Solution File, Format Version 12.00
# Visual Studio Version 16
VisualStudioVersion = 16.0.29613.14
MinimumVisualStudioVersion = 10.0.40219.1
Project("{FAE04EC0-301F-11D3-BF4B-00C04F79EFBC}") = "AzureKickStart", "AzureKickStart\AzureKickStart.csproj", "{F3250AB4-90E2-43F4-9260-B1CB7CB2188F}"
EndProject
Project("{FAE04EC0-301F-11D3-BF4B-00C04F79EFBC}") = "AzureKickStart.Jobs", "AzureKickStart.Jobs\AzureKickStart.Jobs.csproj", "{6C5106CC-5A70-4F5A-9844-E954AE37DF45}"
EndProject
Project("{FAE04EC0-301F-11D3-BF4B-00C04F79EFBC}") = "AzureKickStart.Common", "AzureKickStart.Common\AzureKickStart.Common.csproj", "{195BED8C-FD8D-419C-A601-F1C5A779E34C}"
EndProject
Project("{FAE04EC0-301F-11D3-BF4B-00C04F79EFBC}") = "AzureKickStart.Functions", "AzureKickStart.Functions\AzureKickStart.Functions.csproj", "{A7EC44BE-6DB3-49F6-93C3-C39753B61180}"
EndProject
Global
	GlobalSection(SolutionConfigurationPlatforms) = preSolution
		Debug|Any CPU = Debug|Any CPU
		Release|Any CPU = Release|Any CPU
	EndGlobalSection
	GlobalSection(ProjectConfigurationPlatforms) = postSolution
		{F3250AB4-90E2-43F4-9260-B1CB7CB2188F}.Debug|Any CPU.ActiveCfg = Debug|Any CPU
		{F3250AB4-90E2-43F4-9260-B1CB7CB2188F}.Debug|Any CPU.Build.0 = Debug|Any CPU
		{F3250AB4-90E2-43F4-9260-B1CB7CB2188F}.Release|Any CPU.ActiveCfg = Release|Any CPU
		{F3250AB4-90E2-43F4-9260-B1CB7CB2188F}.Release|Any CPU.Build.0 = Release|Any CPU
		{6C5106CC-5A70-4F5A-9844-E954AE37DF45}.Debug|Any CPU.ActiveCfg = Debug|Any CPU
		{6C5106CC-5A70-4F5A-9844-E954AE37DF45}.Debug|Any CPU.Build.0 = Debug|Any CPU
		{6C5106CC-5A70-4F5A-9844-E954AE37DF45}.Release|Any CPU.ActiveCfg = Release|Any CPU
		{6C5106CC-5A70-4F5A-9844-E954AE37DF45}.Release|Any CPU.Build.0 = Release|Any CPU
		{195BED8C-FD8D-419C-A601-F1C5A779E34C}.Debug|Any CPU.ActiveCfg = Debug|Any CPU
		{195BED8C-FD8D-419C-A601-F1C5A779E34C}.Debug|Any CPU.Build.0 = Debug|Any CPU
		{195BED8C-FD8D-419C-A601-F1C5A779E34C}.Release|Any CPU.ActiveCfg = Release|Any CPU
		{195BED8C-FD8D-419C-A601-F1C5A779E34C}.Release|Any CPU.Build.0 = Release|Any CPU
		{A7EC44BE-6DB3-49F6-93C3-C39753B61180}.Debug|Any CPU.ActiveCfg = Debug|Any CPU
		{A7EC44BE-6DB3-49F6-93C3-C39753B61180}.Debug|Any CPU.Build.0 = Debug|Any CPU
		{A7EC44BE-6DB3-49F6-93C3-C39753B61180}.Release|Any CPU.ActiveCfg = Release|Any CPU
		{A7EC44BE-6DB3-49F6-93C3-C39753B61180}.Release|Any CPU.Build.0 = Release|Any CPU
	EndGlobalSection
	GlobalSection(SolutionProperties) = preSolution
		HideSolutionNode = FALSE
	EndGlobalSection
	GlobalSection(ExtensibilityGlobals) = postSolution
		SolutionGuid = {829E356B-8D46-4E45-94A5-6F38E180830E}
	EndGlobalSection
EndGlobal
